
Microsoft Visual Studio Solution File, Format Version 12.00
Project("{FAE04EC0-301F-11D3-BF4B-00C04F79EFBC}") = "2048.Core", "2048.Core\2048.Core.csproj", "{9FE76890-DF64-445C-BAC1-25E38FB9CA89}"
EndProject
Global
	GlobalSection(SolutionConfigurationPlatforms) = preSolution
		Debug|Any CPU = Debug|Any CPU
		Release|Any CPU = Release|Any CPU
	EndGlobalSection
	GlobalSection(ProjectConfigurationPlatforms) = postSolution
		{9FE76890-DF64-445C-BAC1-25E38FB9CA89}.Debug|Any CPU.ActiveCfg = Debug|Any CPU
		{9FE76890-DF64-445C-BAC1-25E38FB9CA89}.Debug|Any CPU.Build.0 = Debug|Any CPU
		{9FE76890-DF64-445C-BAC1-25E38FB9CA89}.Release|Any CPU.ActiveCfg = Release|Any CPU
		{9FE76890-DF64-445C-BAC1-25E38FB9CA89}.Release|Any CPU.Build.0 = Release|Any CPU
	EndGlobalSection
EndGlobal
